
Microsoft Visual Studio Solution File, Format Version 12.00
# Visual Studio Version 16
VisualStudioVersion = 16.0.29503.13
MinimumVisualStudioVersion = 10.0.40219.1
Project("{9092AA53-FB77-4645-B42D-1CCCA6BD08BD}") = "ServiceNowServerDev", "src\ServiceNowServerDev.njsproj", "{B4501C1F-5A6F-4E5C-B358-B616AE2F4A15}"
EndProject
Project("{9092AA53-FB77-4645-B42D-1CCCA6BD08BD}") = "ServerScoped", "ServiceNowTypings\ServerScoped\ServerScoped.njsproj", "{7BF03AA3-2B53-4488-9F4D-3898D8A1E5E3}"
EndProject
Global
	GlobalSection(SolutionConfigurationPlatforms) = preSolution
		Debug|Any CPU = Debug|Any CPU
		Release|Any CPU = Release|Any CPU
	EndGlobalSection
	GlobalSection(ProjectConfigurationPlatforms) = postSolution
		{B4501C1F-5A6F-4E5C-B358-B616AE2F4A15}.Debug|Any CPU.ActiveCfg = Debug|Any CPU
		{B4501C1F-5A6F-4E5C-B358-B616AE2F4A15}.Debug|Any CPU.Build.0 = Debug|Any CPU
		{B4501C1F-5A6F-4E5C-B358-B616AE2F4A15}.Release|Any CPU.ActiveCfg = Release|Any CPU
		{B4501C1F-5A6F-4E5C-B358-B616AE2F4A15}.Release|Any CPU.Build.0 = Release|Any CPU
		{7BF03AA3-2B53-4488-9F4D-3898D8A1E5E3}.Debug|Any CPU.ActiveCfg = Debug|Any CPU
		{7BF03AA3-2B53-4488-9F4D-3898D8A1E5E3}.Debug|Any CPU.Build.0 = Debug|Any CPU
		{7BF03AA3-2B53-4488-9F4D-3898D8A1E5E3}.Release|Any CPU.ActiveCfg = Release|Any CPU
		{7BF03AA3-2B53-4488-9F4D-3898D8A1E5E3}.Release|Any CPU.Build.0 = Release|Any CPU
	EndGlobalSection
	GlobalSection(SolutionProperties) = preSolution
		HideSolutionNode = FALSE
	EndGlobalSection
	GlobalSection(ExtensibilityGlobals) = postSolution
		SolutionGuid = {1F51167B-FC6C-4EBF-832F-4CA04FC8EFB1}
	EndGlobalSection
EndGlobal
